
Microsoft Visual Studio Solution File, Format Version 12.00
# Visual Studio Version 17
VisualStudioVersion = 17.5.002.0
MinimumVisualStudioVersion = 10.0.40219.1
Project("{2150E333-8FDC-42A3-9474-1A3956D46DE8}") = "FullstackTest", "FullstackTest", "{3FEFF2BD-0461-4AC8-9889-6A12259B6123}"
EndProject
Project("{9A19103F-16F7-4668-BE54-9A1E7A4F7556}") = "Itm8OfficeWeather", "FullstackTest\Itm8OfficeWeather\Itm8OfficeWeather.csproj", "{EC6AF049-16F2-4525-AAD9-E6DBE994A3D2}"
EndProject
Project("{FAE04EC0-301F-11D3-BF4B-00C04F79EFBC}") = "Itm8OfficeWeather.Client", "FullstackTest\Itm8OfficeWeather.Client\Itm8OfficeWeather.Client.csproj", "{EDA90360-0A2A-489C-B4E2-C234BB1BFAC1}"
EndProject
Project("{FAE04EC0-301F-11D3-BF4B-00C04F79EFBC}") = "Itm8OfficeWeather.Tests", "FullstackTest\Itm8OfficeWeather.Tests\Itm8OfficeWeather.Tests.csproj", "{2C095878-1C66-499E-95BE-A774858E3802}"
EndProject
Global
	GlobalSection(SolutionConfigurationPlatforms) = preSolution
		Debug|Any CPU = Debug|Any CPU
		Release|Any CPU = Release|Any CPU
	EndGlobalSection
	GlobalSection(ProjectConfigurationPlatforms) = postSolution
		{EC6AF049-16F2-4525-AAD9-E6DBE994A3D2}.Debug|Any CPU.ActiveCfg = Debug|Any CPU
		{EC6AF049-16F2-4525-AAD9-E6DBE994A3D2}.Debug|Any CPU.Build.0 = Debug|Any CPU
		{EC6AF049-16F2-4525-AAD9-E6DBE994A3D2}.Release|Any CPU.ActiveCfg = Release|Any CPU
		{EC6AF049-16F2-4525-AAD9-E6DBE994A3D2}.Release|Any CPU.Build.0 = Release|Any CPU
		{EDA90360-0A2A-489C-B4E2-C234BB1BFAC1}.Debug|Any CPU.ActiveCfg = Debug|Any CPU
		{EDA90360-0A2A-489C-B4E2-C234BB1BFAC1}.Debug|Any CPU.Build.0 = Debug|Any CPU
		{EDA90360-0A2A-489C-B4E2-C234BB1BFAC1}.Release|Any CPU.ActiveCfg = Release|Any CPU
		{EDA90360-0A2A-489C-B4E2-C234BB1BFAC1}.Release|Any CPU.Build.0 = Release|Any CPU
		{2C095878-1C66-499E-95BE-A774858E3802}.Debug|Any CPU.ActiveCfg = Debug|Any CPU
		{2C095878-1C66-499E-95BE-A774858E3802}.Debug|Any CPU.Build.0 = Debug|Any CPU
		{2C095878-1C66-499E-95BE-A774858E3802}.Release|Any CPU.ActiveCfg = Release|Any CPU
		{2C095878-1C66-499E-95BE-A774858E3802}.Release|Any CPU.Build.0 = Release|Any CPU
	EndGlobalSection
	GlobalSection(SolutionProperties) = preSolution
		HideSolutionNode = FALSE
	EndGlobalSection
	GlobalSection(NestedProjects) = preSolution
		{EC6AF049-16F2-4525-AAD9-E6DBE994A3D2} = {3FEFF2BD-0461-4AC8-9889-6A12259B6123}
		{EDA90360-0A2A-489C-B4E2-C234BB1BFAC1} = {3FEFF2BD-0461-4AC8-9889-6A12259B6123}
		{2C095878-1C66-499E-95BE-A774858E3802} = {3FEFF2BD-0461-4AC8-9889-6A12259B6123}
	EndGlobalSection
	GlobalSection(ExtensibilityGlobals) = postSolution
		SolutionGuid = {1832BB5E-7741-43B3-A3E6-D325DE492496}
	EndGlobalSection
EndGlobal
